
Microsoft Visual Studio Solution File, Format Version 12.00
# Visual Studio Version 16
VisualStudioVersion = 16.0.30804.86
MinimumVisualStudioVersion = 10.0.40219.1
Project("{9A19103F-16F7-4668-BE54-9A1E7A4F7556}") = "DevIO.Business", "src\DevIO.Business\DevIO.Business.csproj", "{9FE981AC-A866-4DB7-B9AE-14902578F3CB}"
EndProject
Project("{9A19103F-16F7-4668-BE54-9A1E7A4F7556}") = "DevIO.Date", "src\DevIO.Date\DevIO.Date.csproj", "{E09C39A2-94BD-43D8-AEB2-35AB08459820}"
EndProject
Project("{FAE04EC0-301F-11D3-BF4B-00C04F79EFBC}") = "DevIO.App", "src\DevIO.App\DevIO.App.csproj", "{E1F8EA05-F9DA-4AF6-AE09-07C6608CCD8F}"
EndProject
Global
	GlobalSection(SolutionConfigurationPlatforms) = preSolution
		Debug|Any CPU = Debug|Any CPU
		Release|Any CPU = Release|Any CPU
	EndGlobalSection
	GlobalSection(ProjectConfigurationPlatforms) = postSolution
		{9FE981AC-A866-4DB7-B9AE-14902578F3CB}.Debug|Any CPU.ActiveCfg = Debug|Any CPU
		{9FE981AC-A866-4DB7-B9AE-14902578F3CB}.Debug|Any CPU.Build.0 = Debug|Any CPU
		{9FE981AC-A866-4DB7-B9AE-14902578F3CB}.Release|Any CPU.ActiveCfg = Release|Any CPU
		{9FE981AC-A866-4DB7-B9AE-14902578F3CB}.Release|Any CPU.Build.0 = Release|Any CPU
		{E09C39A2-94BD-43D8-AEB2-35AB08459820}.Debug|Any CPU.ActiveCfg = Debug|Any CPU
		{E09C39A2-94BD-43D8-AEB2-35AB08459820}.Debug|Any CPU.Build.0 = Debug|Any CPU
		{E09C39A2-94BD-43D8-AEB2-35AB08459820}.Release|Any CPU.ActiveCfg = Release|Any CPU
		{E09C39A2-94BD-43D8-AEB2-35AB08459820}.Release|Any CPU.Build.0 = Release|Any CPU
		{E1F8EA05-F9DA-4AF6-AE09-07C6608CCD8F}.Debug|Any CPU.ActiveCfg = Debug|Any CPU
		{E1F8EA05-F9DA-4AF6-AE09-07C6608CCD8F}.Debug|Any CPU.Build.0 = Debug|Any CPU
		{E1F8EA05-F9DA-4AF6-AE09-07C6608CCD8F}.Release|Any CPU.ActiveCfg = Release|Any CPU
		{E1F8EA05-F9DA-4AF6-AE09-07C6608CCD8F}.Release|Any CPU.Build.0 = Release|Any CPU
	EndGlobalSection
	GlobalSection(SolutionProperties) = preSolution
		HideSolutionNode = FALSE
	EndGlobalSection
	GlobalSection(ExtensibilityGlobals) = postSolution
		SolutionGuid = {466E0C90-BE9B-45EA-92DA-0ED8DD823DA1}
	EndGlobalSection
EndGlobal
